{
  "originHash" : "b5a81eca6a0075f5f79c261f123def2aafe7f161a589c9e49cbeceb4f6b6f771",
  "pins" : [
    {
      "identity" : "maplibre-gl-native-distribution",
      "kind" : "remoteSourceControl",
      "location" : "https://github.com/maplibre/maplibre-gl-native-distribution",
      "state" : {
        "revision" : "40e1a0db6d055abf8a1b6e2f6127a8bb6e895cf8",
        "version" : "6.25.1"
      }
    }
  ],
  "version" : 3
}
